
Microsoft Visual Studio Solution File, Format Version 12.00
# Visual Studio 15
VisualStudioVersion = 15.0.26430.16
MinimumVisualStudioVersion = 10.0.40219.1
Project("{2150E333-8FDC-42A3-9474-1A3956D46DE8}") = "01 Web", "01 Web", "{F171F44D-7BDC-422E-AA28-A5D0CE073CED}"
EndProject
Project("{2150E333-8FDC-42A3-9474-1A3956D46DE8}") = "03 Service", "03 Service", "{8A1CCF57-6965-45DA-9AF1-0759A6E7E73B}"
EndProject
Project("{2150E333-8FDC-42A3-9474-1A3956D46DE8}") = "04 DAL.BLL", "04 DAL.BLL", "{0CE4E259-6484-40F3-8261-F75C9081D522}"
EndProject
Project("{FAE04EC0-301F-11D3-BF4B-00C04F79EFBC}") = "Site.BT.DataAccess", "Site.BT.DataAccess\Site.BT.DataAccess.csproj", "{D1FAA918-C88A-4627-8BC8-5CD951491082}"
EndProject
Project("{2150E333-8FDC-42A3-9474-1A3956D46DE8}") = "05 Common", "05 Common", "{01635851-D182-435E-8ACE-0B8E4E5B973B}"
EndProject
Project("{2150E333-8FDC-42A3-9474-1A3956D46DE8}") = "02 Core", "02 Core", "{FD27C902-9238-454D-84F4-3BDA1B7B8A14}"
EndProject
Project("{FAE04EC0-301F-11D3-BF4B-00C04F79EFBC}") = "Site.BT", "Site.BT\Site.BT.csproj", "{E4498075-896C-45BC-BD41-5ADEBDF7AD1E}"
EndProject
Project("{FAE04EC0-301F-11D3-BF4B-00C04F79EFBC}") = "Site.WeiXin.Manager", "Site.WeiXin.Manager\Site.WeiXin.Manager.csproj", "{945DA0E3-B1C5-4E96-A8D6-B84E37BA0ABD}"
EndProject
Project("{FAE04EC0-301F-11D3-BF4B-00C04F79EFBC}") = "Site.WeiXin.DataAccess", "Site.WeiXin.DataAccess\Site.WeiXin.DataAccess.csproj", "{89FB9241-F677-4A7A-A9B0-A60D9A686F8E}"
EndProject
Project("{FAE04EC0-301F-11D3-BF4B-00C04F79EFBC}") = "Site.WeiXin.Interface", "Site.WeiXin.Interface\Site.WeiXin.Interface.csproj", "{37FBBBF4-E043-4894-A6D3-2B771E63F7E1}"
EndProject
Project("{FAE04EC0-301F-11D3-BF4B-00C04F79EFBC}") = "Site.WeiXin.Service", "Site.WeiXin.Service\Site.WeiXin.Service.csproj", "{1EA86271-9CB3-454B-A9BB-968AFE1F1673}"
EndProject
Project("{FAE04EC0-301F-11D3-BF4B-00C04F79EFBC}") = "Site.BT.Service", "Site.BT.Service\Site.BT.Service.csproj", "{353B0521-2529-41D7-A3C7-0647F5D7E1E0}"
EndProject
Project("{FAE04EC0-301F-11D3-BF4B-00C04F79EFBC}") = "Site.Log", "Site.Log\Site.Log.csproj", "{0C392CBC-EB97-40CD-9D61-B02F5DA8218D}"
EndProject
Project("{FAE04EC0-301F-11D3-BF4B-00C04F79EFBC}") = "Site.Untity", "Site.Untity\Site.Untity.csproj", "{37795C68-AE6C-4F55-917D-F5744C69F6A1}"
EndProject
Global
	GlobalSection(SolutionConfigurationPlatforms) = preSolution
		Debug|Any CPU = Debug|Any CPU
		Release|Any CPU = Release|Any CPU
	EndGlobalSection
	GlobalSection(ProjectConfigurationPlatforms) = postSolution
		{D1FAA918-C88A-4627-8BC8-5CD951491082}.Debug|Any CPU.ActiveCfg = Debug|Any CPU
		{D1FAA918-C88A-4627-8BC8-5CD951491082}.Debug|Any CPU.Build.0 = Debug|Any CPU
		{D1FAA918-C88A-4627-8BC8-5CD951491082}.Release|Any CPU.ActiveCfg = Release|Any CPU
		{D1FAA918-C88A-4627-8BC8-5CD951491082}.Release|Any CPU.Build.0 = Release|Any CPU
		{E4498075-896C-45BC-BD41-5ADEBDF7AD1E}.Debug|Any CPU.ActiveCfg = Debug|Any CPU
		{E4498075-896C-45BC-BD41-5ADEBDF7AD1E}.Debug|Any CPU.Build.0 = Debug|Any CPU
		{E4498075-896C-45BC-BD41-5ADEBDF7AD1E}.Release|Any CPU.ActiveCfg = Release|Any CPU
		{E4498075-896C-45BC-BD41-5ADEBDF7AD1E}.Release|Any CPU.Build.0 = Release|Any CPU
		{945DA0E3-B1C5-4E96-A8D6-B84E37BA0ABD}.Debug|Any CPU.ActiveCfg = Debug|Any CPU
		{945DA0E3-B1C5-4E96-A8D6-B84E37BA0ABD}.Debug|Any CPU.Build.0 = Debug|Any CPU
		{945DA0E3-B1C5-4E96-A8D6-B84E37BA0ABD}.Release|Any CPU.ActiveCfg = Release|Any CPU
		{945DA0E3-B1C5-4E96-A8D6-B84E37BA0ABD}.Release|Any CPU.Build.0 = Release|Any CPU
		{89FB9241-F677-4A7A-A9B0-A60D9A686F8E}.Debug|Any CPU.ActiveCfg = Debug|Any CPU
		{89FB9241-F677-4A7A-A9B0-A60D9A686F8E}.Debug|Any CPU.Build.0 = Debug|Any CPU
		{89FB9241-F677-4A7A-A9B0-A60D9A686F8E}.Release|Any CPU.ActiveCfg = Release|Any CPU
		{89FB9241-F677-4A7A-A9B0-A60D9A686F8E}.Release|Any CPU.Build.0 = Release|Any CPU
		{37FBBBF4-E043-4894-A6D3-2B771E63F7E1}.Debug|Any CPU.ActiveCfg = Debug|Any CPU
		{37FBBBF4-E043-4894-A6D3-2B771E63F7E1}.Debug|Any CPU.Build.0 = Debug|Any CPU
		{37FBBBF4-E043-4894-A6D3-2B771E63F7E1}.Release|Any CPU.ActiveCfg = Release|Any CPU
		{37FBBBF4-E043-4894-A6D3-2B771E63F7E1}.Release|Any CPU.Build.0 = Release|Any CPU
		{1EA86271-9CB3-454B-A9BB-968AFE1F1673}.Debug|Any CPU.ActiveCfg = Debug|Any CPU
		{1EA86271-9CB3-454B-A9BB-968AFE1F1673}.Debug|Any CPU.Build.0 = Debug|Any CPU
		{1EA86271-9CB3-454B-A9BB-968AFE1F1673}.Release|Any CPU.ActiveCfg = Release|Any CPU
		{1EA86271-9CB3-454B-A9BB-968AFE1F1673}.Release|Any CPU.Build.0 = Release|Any CPU
		{353B0521-2529-41D7-A3C7-0647F5D7E1E0}.Debug|Any CPU.ActiveCfg = Debug|Any CPU
		{353B0521-2529-41D7-A3C7-0647F5D7E1E0}.Debug|Any CPU.Build.0 = Debug|Any CPU
		{353B0521-2529-41D7-A3C7-0647F5D7E1E0}.Release|Any CPU.ActiveCfg = Release|Any CPU
		{353B0521-2529-41D7-A3C7-0647F5D7E1E0}.Release|Any CPU.Build.0 = Release|Any CPU
		{0C392CBC-EB97-40CD-9D61-B02F5DA8218D}.Debug|Any CPU.ActiveCfg = Debug|Any CPU
		{0C392CBC-EB97-40CD-9D61-B02F5DA8218D}.Debug|Any CPU.Build.0 = Debug|Any CPU
		{0C392CBC-EB97-40CD-9D61-B02F5DA8218D}.Release|Any CPU.ActiveCfg = Release|Any CPU
		{0C392CBC-EB97-40CD-9D61-B02F5DA8218D}.Release|Any CPU.Build.0 = Release|Any CPU
		{37795C68-AE6C-4F55-917D-F5744C69F6A1}.Debug|Any CPU.ActiveCfg = Debug|Any CPU
		{37795C68-AE6C-4F55-917D-F5744C69F6A1}.Debug|Any CPU.Build.0 = Debug|Any CPU
		{37795C68-AE6C-4F55-917D-F5744C69F6A1}.Release|Any CPU.ActiveCfg = Release|Any CPU
		{37795C68-AE6C-4F55-917D-F5744C69F6A1}.Release|Any CPU.Build.0 = Release|Any CPU
	EndGlobalSection
	GlobalSection(SolutionProperties) = preSolution
		HideSolutionNode = FALSE
	EndGlobalSection
	GlobalSection(NestedProjects) = preSolution
		{D1FAA918-C88A-4627-8BC8-5CD951491082} = {0CE4E259-6484-40F3-8261-F75C9081D522}
		{E4498075-896C-45BC-BD41-5ADEBDF7AD1E} = {F171F44D-7BDC-422E-AA28-A5D0CE073CED}
		{945DA0E3-B1C5-4E96-A8D6-B84E37BA0ABD} = {FD27C902-9238-454D-84F4-3BDA1B7B8A14}
		{89FB9241-F677-4A7A-A9B0-A60D9A686F8E} = {0CE4E259-6484-40F3-8261-F75C9081D522}
		{37FBBBF4-E043-4894-A6D3-2B771E63F7E1} = {FD27C902-9238-454D-84F4-3BDA1B7B8A14}
		{1EA86271-9CB3-454B-A9BB-968AFE1F1673} = {8A1CCF57-6965-45DA-9AF1-0759A6E7E73B}
		{353B0521-2529-41D7-A3C7-0647F5D7E1E0} = {8A1CCF57-6965-45DA-9AF1-0759A6E7E73B}
		{0C392CBC-EB97-40CD-9D61-B02F5DA8218D} = {01635851-D182-435E-8ACE-0B8E4E5B973B}
		{37795C68-AE6C-4F55-917D-F5744C69F6A1} = {01635851-D182-435E-8ACE-0B8E4E5B973B}
	EndGlobalSection
EndGlobal
